
Microsoft Visual Studio Solution File, Format Version 12.00
# Visual Studio 14
VisualStudioVersion = 14.0.25123.0
MinimumVisualStudioVersion = 10.0.40219.1
Project("{FAE04EC0-301F-11D3-BF4B-00C04F79EFBC}") = "Arcane_v2", "Arcane_v2\Arcane_v2.csproj", "{FC0F3F09-F032-405B-9DF0-E0AA32C4487A}"
EndProject
Global
	GlobalSection(SolutionConfigurationPlatforms) = preSolution
		Debug|Any CPU = Debug|Any CPU
		Release|Any CPU = Release|Any CPU
	EndGlobalSection
	GlobalSection(ProjectConfigurationPlatforms) = postSolution
		{FC0F3F09-F032-405B-9DF0-E0AA32C4487A}.Debug|Any CPU.ActiveCfg = Debug|Any CPU
		{FC0F3F09-F032-405B-9DF0-E0AA32C4487A}.Debug|Any CPU.Build.0 = Debug|Any CPU
		{FC0F3F09-F032-405B-9DF0-E0AA32C4487A}.Release|Any CPU.ActiveCfg = Release|Any CPU
		{FC0F3F09-F032-405B-9DF0-E0AA32C4487A}.Release|Any CPU.Build.0 = Release|Any CPU
	EndGlobalSection
	GlobalSection(SolutionProperties) = preSolution
		HideSolutionNode = FALSE
	EndGlobalSection
EndGlobal
